
Microsoft Visual Studio Solution File, Format Version 12.00
# Visual Studio Version 16
VisualStudioVersion = 16.0.31105.61
MinimumVisualStudioVersion = 10.0.40219.1
Project("{FAE04EC0-301F-11D3-BF4B-00C04F79EFBC}") = "Demo.WorkerServiceWeb", "Demo.WorkerServiceWeb\Demo.WorkerServiceWeb.csproj", "{318F884C-CD1B-4FD9-8213-E96388D96EC1}"
EndProject
Project("{2150E333-8FDC-42A3-9474-1A3956D46DE8}") = "Solution Items", "Solution Items", "{86F272BB-A7BB-4714-9835-59782D399E3D}"
	ProjectSection(SolutionItems) = preProject
		Readme.md = Readme.md
	EndProjectSection
EndProject
Global
	GlobalSection(SolutionConfigurationPlatforms) = preSolution
		Debug|Any CPU = Debug|Any CPU
		Release|Any CPU = Release|Any CPU
	EndGlobalSection
	GlobalSection(ProjectConfigurationPlatforms) = postSolution
		{318F884C-CD1B-4FD9-8213-E96388D96EC1}.Debug|Any CPU.ActiveCfg = Debug|Any CPU
		{318F884C-CD1B-4FD9-8213-E96388D96EC1}.Debug|Any CPU.Build.0 = Debug|Any CPU
		{318F884C-CD1B-4FD9-8213-E96388D96EC1}.Release|Any CPU.ActiveCfg = Release|Any CPU
		{318F884C-CD1B-4FD9-8213-E96388D96EC1}.Release|Any CPU.Build.0 = Release|Any CPU
	EndGlobalSection
	GlobalSection(SolutionProperties) = preSolution
		HideSolutionNode = FALSE
	EndGlobalSection
	GlobalSection(ExtensibilityGlobals) = postSolution
		SolutionGuid = {8D1D1109-3412-450F-8401-8891EF92AA89}
	EndGlobalSection
EndGlobal
